// !$*UTF8*$!
{
	archiveVersion = 1;
	classes = {
	};
	objectVersion = 56;
	objects = {

/* Begin PBXBuildFile section */
		DE1D792429C1F3C400B7870F /* RMCharacterViewController.swift in Sources */ = {isa = PBXBuildFile; fileRef = DE1D792329C1F3C400B7870F /* RMCharacterViewController.swift */; };
		DE1D792629C1F3DB00B7870F /* RMEpisodeViewController.swift in Sources */ = {isa = PBXBuildFile; fileRef = DE1D792529C1F3DB00B7870F /* RMEpisodeViewController.swift */; };
		DE1D792829C1F3ED00B7870F /* RMSettingsViewController.swift in Sources */ = {isa = PBXBuildFile; fileRef = DE1D792729C1F3ED00B7870F /* RMSettingsViewController.swift */; };
		DE1D792A29C1F3F900B7870F /* RMLocationViewController.swift in Sources */ = {isa = PBXBuildFile; fileRef = DE1D792929C1F3F900B7870F /* RMLocationViewController.swift */; };
		DE1D792C29C1F41500B7870F /* RMCharacter.swift in Sources */ = {isa = PBXBuildFile; fileRef = DE1D792B29C1F41500B7870F /* RMCharacter.swift */; };
		DE2C4A3529C2E1FA00B35543 /* RMEndpoint.swift in Sources */ = {isa = PBXBuildFile; fileRef = DE2C4A3429C2E1FA00B35543 /* RMEndpoint.swift */; };
		DE5519A529CC3F1E00160622 /* RMCharacterListViewModel.swift in Sources */ = {isa = PBXBuildFile; fileRef = DE5519A429CC3F1E00160622 /* RMCharacterListViewModel.swift */; };
		DE5519A729CC3FE600160622 /* RMCharacterListView.swift in Sources */ = {isa = PBXBuildFile; fileRef = DE5519A629CC3FE600160622 /* RMCharacterListView.swift */; };
		DE5519A929CC473900160622 /* Extension.swift in Sources */ = {isa = PBXBuildFile; fileRef = DE5519A829CC473900160622 /* Extension.swift */; };
		DE6E75F729C4286F002B7186 /* RMOrigin.swift in Sources */ = {isa = PBXBuildFile; fileRef = DE6E75F629C4286F002B7186 /* RMOrigin.swift */; };
		DE6E75F929C428D4002B7186 /* RMSingleLocation.swift in Sources */ = {isa = PBXBuildFile; fileRef = DE6E75F829C428D4002B7186 /* RMSingleLocation.swift */; };
		DE6E75FB29C4294E002B7186 /* RMStatus.swift in Sources */ = {isa = PBXBuildFile; fileRef = DE6E75FA29C4294E002B7186 /* RMStatus.swift */; };
		DE6E75FD29C429BE002B7186 /* RMGender.swift in Sources */ = {isa = PBXBuildFile; fileRef = DE6E75FC29C429BE002B7186 /* RMGender.swift */; };
		DE72AA2B29CC0C4800D155E5 /* RMGetALLCharacterResponse.swift in Sources */ = {isa = PBXBuildFile; fileRef = DE72AA2A29CC0C4800D155E5 /* RMGetALLCharacterResponse.swift */; };
		DE8BC57829CD850600DF3297 /* RMCharacterCollectionViewCell.swift in Sources */ = {isa = PBXBuildFile; fileRef = DE8BC57729CD850600DF3297 /* RMCharacterCollectionViewCell.swift */; };
		DE8BC57A29CD868400DF3297 /* RMCharacterCollectionViewCellModel.swift in Sources */ = {isa = PBXBuildFile; fileRef = DE8BC57929CD868400DF3297 /* RMCharacterCollectionViewCellModel.swift */; };
		DEB030FE29C1F43A00A6EAD5 /* RMLocation.swift in Sources */ = {isa = PBXBuildFile; fileRef = DEB030FD29C1F43A00A6EAD5 /* RMLocation.swift */; };
		DEB0310029C1F44800A6EAD5 /* RMEpisode.swift in Sources */ = {isa = PBXBuildFile; fileRef = DEB030FF29C1F44800A6EAD5 /* RMEpisode.swift */; };
		DEB0310529C1F4A500A6EAD5 /* RMTabBarController.swift in Sources */ = {isa = PBXBuildFile; fileRef = DEB0310429C1F4A500A6EAD5 /* RMTabBarController.swift */; };
		DECC2C8029C2DFBA0075C3D5 /* RMService.swift in Sources */ = {isa = PBXBuildFile; fileRef = DECC2C7F29C2DFBA0075C3D5 /* RMService.swift */; };
		DECC2C8229C2DFC60075C3D5 /* RMRequest.swift in Sources */ = {isa = PBXBuildFile; fileRef = DECC2C8129C2DFC60075C3D5 /* RMRequest.swift */; };
		DECF6AD829C1EB72000EFEEF /* AppDelegate.swift in Sources */ = {isa = PBXBuildFile; fileRef = DECF6AD729C1EB72000EFEEF /* AppDelegate.swift */; };
		DECF6ADA29C1EB72000EFEEF /* SceneDelegate.swift in Sources */ = {isa = PBXBuildFile; fileRef = DECF6AD929C1EB72000EFEEF /* SceneDelegate.swift */; };
		DECF6AE129C1EB73000EFEEF /* Assets.xcassets in Resources */ = {isa = PBXBuildFile; fileRef = DECF6AE029C1EB73000EFEEF /* Assets.xcassets */; };
		DECF6AE429C1EB73000EFEEF /* LaunchScreen.storyboard in Resources */ = {isa = PBXBuildFile; fileRef = DECF6AE229C1EB73000EFEEF /* LaunchScreen.storyboard */; };
		DEFD9AD229D1BC1100B51554 /* RMDetailCharacterViewController.swift in Sources */ = {isa = PBXBuildFile; fileRef = DEFD9AD129D1BC1100B51554 /* RMDetailCharacterViewController.swift */; };
		DEFD9AD429D1BD4500B51554 /* RMDetailCharacterView.swift in Sources */ = {isa = PBXBuildFile; fileRef = DEFD9AD329D1BD4500B51554 /* RMDetailCharacterView.swift */; };
		DEFD9AD629D1BDDC00B51554 /* RMDetailCharacterViewModel.swift in Sources */ = {isa = PBXBuildFile; fileRef = DEFD9AD529D1BDDC00B51554 /* RMDetailCharacterViewModel.swift */; };
/* End PBXBuildFile section */

/* Begin PBXFileReference section */
		DE1D792329C1F3C400B7870F /* RMCharacterViewController.swift */ = {isa = PBXFileReference; lastKnownFileType = sourcecode.swift; path = RMCharacterViewController.swift; sourceTree = "<group>"; };
		DE1D792529C1F3DB00B7870F /* RMEpisodeViewController.swift */ = {isa = PBXFileReference; lastKnownFileType = sourcecode.swift; path = RMEpisodeViewController.swift; sourceTree = "<group>"; };
		DE1D792729C1F3ED00B7870F /* RMSettingsViewController.swift */ = {isa = PBXFileReference; lastKnownFileType = sourcecode.swift; path = RMSettingsViewController.swift; sourceTree = "<group>"; };
		DE1D792929C1F3F900B7870F /* RMLocationViewController.swift */ = {isa = PBXFileReference; lastKnownFileType = sourcecode.swift; path = RMLocationViewController.swift; sourceTree = "<group>"; };
		DE1D792B29C1F41500B7870F /* RMCharacter.swift */ = {isa = PBXFileReference; lastKnownFileType = sourcecode.swift; path = RMCharacter.swift; sourceTree = "<group>"; };
		DE2C4A3429C2E1FA00B35543 /* RMEndpoint.swift */ = {isa = PBXFileReference; lastKnownFileType = sourcecode.swift; path = RMEndpoint.swift; sourceTree = "<group>"; };
		DE5519A429CC3F1E00160622 /* RMCharacterListViewModel.swift */ = {isa = PBXFileReference; lastKnownFileType = sourcecode.swift; path = RMCharacterListViewModel.swift; sourceTree = "<group>"; };
		DE5519A629CC3FE600160622 /* RMCharacterListView.swift */ = {isa = PBXFileReference; lastKnownFileType = sourcecode.swift; path = RMCharacterListView.swift; sourceTree = "<group>"; };
		DE5519A829CC473900160622 /* Extension.swift */ = {isa = PBXFileReference; lastKnownFileType = sourcecode.swift; path = Extension.swift; sourceTree = "<group>"; };
		DE6E75F629C4286F002B7186 /* RMOrigin.swift */ = {isa = PBXFileReference; lastKnownFileType = sourcecode.swift; path = RMOrigin.swift; sourceTree = "<group>"; };
		DE6E75F829C428D4002B7186 /* RMSingleLocation.swift */ = {isa = PBXFileReference; lastKnownFileType = sourcecode.swift; path = RMSingleLocation.swift; sourceTree = "<group>"; };
		DE6E75FA29C4294E002B7186 /* RMStatus.swift */ = {isa = PBXFileReference; lastKnownFileType = sourcecode.swift; path = RMStatus.swift; sourceTree = "<group>"; };
		DE6E75FC29C429BE002B7186 /* RMGender.swift */ = {isa = PBXFileReference; lastKnownFileType = sourcecode.swift; path = RMGender.swift; sourceTree = "<group>"; };
		DE72AA2A29CC0C4800D155E5 /* RMGetALLCharacterResponse.swift */ = {isa = PBXFileReference; lastKnownFileType = sourcecode.swift; path = RMGetALLCharacterResponse.swift; sourceTree = "<group>"; };
		DE8BC57729CD850600DF3297 /* RMCharacterCollectionViewCell.swift */ = {isa = PBXFileReference; lastKnownFileType = sourcecode.swift; path = RMCharacterCollectionViewCell.swift; sourceTree = "<group>"; };
		DE8BC57929CD868400DF3297 /* RMCharacterCollectionViewCellModel.swift */ = {isa = PBXFileReference; lastKnownFileType = sourcecode.swift; path = RMCharacterCollectionViewCellModel.swift; sourceTree = "<group>"; };
		DEB030FD29C1F43A00A6EAD5 /* RMLocation.swift */ = {isa = PBXFileReference; lastKnownFileType = sourcecode.swift; path = RMLocation.swift; sourceTree = "<group>"; };
		DEB030FF29C1F44800A6EAD5 /* RMEpisode.swift */ = {isa = PBXFileReference; lastKnownFileType = sourcecode.swift; path = RMEpisode.swift; sourceTree = "<group>"; };
		DEB0310429C1F4A500A6EAD5 /* RMTabBarController.swift */ = {isa = PBXFileReference; lastKnownFileType = sourcecode.swift; path = RMTabBarController.swift; sourceTree = "<group>"; };
		DECC2C7F29C2DFBA0075C3D5 /* RMService.swift */ = {isa = PBXFileReference; lastKnownFileType = sourcecode.swift; path = RMService.swift; sourceTree = "<group>"; };
		DECC2C8129C2DFC60075C3D5 /* RMRequest.swift */ = {isa = PBXFileReference; lastKnownFileType = sourcecode.swift; path = RMRequest.swift; sourceTree = "<group>"; };
		DECF6AD429C1EB72000EFEEF /* RMApiApp.app */ = {isa = PBXFileReference; explicitFileType = wrapper.application; includeInIndex = 0; path = RMApiApp.app; sourceTree = BUILT_PRODUCTS_DIR; };
		DECF6AD729C1EB72000EFEEF /* AppDelegate.swift */ = {isa = PBXFileReference; lastKnownFileType = sourcecode.swift; path = AppDelegate.swift; sourceTree = "<group>"; };
		DECF6AD929C1EB72000EFEEF /* SceneDelegate.swift */ = {isa = PBXFileReference; lastKnownFileType = sourcecode.swift; path = SceneDelegate.swift; sourceTree = "<group>"; };
		DECF6AE029C1EB73000EFEEF /* Assets.xcassets */ = {isa = PBXFileReference; lastKnownFileType = folder.assetcatalog; path = Assets.xcassets; sourceTree = "<group>"; };
		DECF6AE329C1EB73000EFEEF /* Base */ = {isa = PBXFileReference; lastKnownFileType = file.storyboard; name = Base; path = Base.lproj/LaunchScreen.storyboard; sourceTree = "<group>"; };
		DECF6AE529C1EB73000EFEEF /* Info.plist */ = {isa = PBXFileReference; lastKnownFileType = text.plist.xml; path = Info.plist; sourceTree = "<group>"; };
		DEFD9AD129D1BC1100B51554 /* RMDetailCharacterViewController.swift */ = {isa = PBXFileReference; lastKnownFileType = sourcecode.swift; path = RMDetailCharacterViewController.swift; sourceTree = "<group>"; };
		DEFD9AD329D1BD4500B51554 /* RMDetailCharacterView.swift */ = {isa = PBXFileReference; lastKnownFileType = sourcecode.swift; path = RMDetailCharacterView.swift; sourceTree = "<group>"; };
		DEFD9AD529D1BDDC00B51554 /* RMDetailCharacterViewModel.swift */ = {isa = PBXFileReference; lastKnownFileType = sourcecode.swift; path = RMDetailCharacterViewModel.swift; sourceTree = "<group>"; };
/* End PBXFileReference section */

/* Begin PBXFrameworksBuildPhase section */
		DECF6AD129C1EB72000EFEEF /* Frameworks */ = {
			isa = PBXFrameworksBuildPhase;
			buildActionMask = 2147483647;
			files = (
			);
			runOnlyForDeploymentPostprocessing = 0;
		};
/* End PBXFrameworksBuildPhase section */

/* Begin PBXGroup section */
		DE1D792229C1F3A700B7870F /* Core */ = {
			isa = PBXGroup;
			children = (
				DE1D792329C1F3C400B7870F /* RMCharacterViewController.swift */,
				DE1D792529C1F3DB00B7870F /* RMEpisodeViewController.swift */,
				DE1D792729C1F3ED00B7870F /* RMSettingsViewController.swift */,
				DE1D792929C1F3F900B7870F /* RMLocationViewController.swift */,
			);
			path = Core;
			sourceTree = "<group>";
		};
		DE72AA2729CC0BF000D155E5 /* DataTypes */ = {
			isa = PBXGroup;
			children = (
				DE1D792B29C1F41500B7870F /* RMCharacter.swift */,
				DE6E75FA29C4294E002B7186 /* RMStatus.swift */,
				DEB030FD29C1F43A00A6EAD5 /* RMLocation.swift */,
				DE6E75FC29C429BE002B7186 /* RMGender.swift */,
				DEB030FF29C1F44800A6EAD5 /* RMEpisode.swift */,
				DE6E75F629C4286F002B7186 /* RMOrigin.swift */,
				DE6E75F829C428D4002B7186 /* RMSingleLocation.swift */,
			);
			path = DataTypes;
			sourceTree = "<group>";
		};
		DE72AA2929CC0C1B00D155E5 /* APIResponseType */ = {
			isa = PBXGroup;
			children = (
				DE72AA2A29CC0C4800D155E5 /* RMGetALLCharacterResponse.swift */,
			);
			path = APIResponseType;
			sourceTree = "<group>";
		};
		DEB0310229C1F49000A6EAD5 /* Others */ = {
			isa = PBXGroup;
			children = (
				DEB0310329C1F49600A6EAD5 /* TabBar */,
				DEFD9AD129D1BC1100B51554 /* RMDetailCharacterViewController.swift */,
			);
			path = Others;
			sourceTree = "<group>";
		};
		DEB0310329C1F49600A6EAD5 /* TabBar */ = {
			isa = PBXGroup;
			children = (
				DEB0310429C1F4A500A6EAD5 /* RMTabBarController.swift */,
			);
			path = TabBar;
			sourceTree = "<group>";
		};
		DECF6ACB29C1EB72000EFEEF = {
			isa = PBXGroup;
			children = (
				DECF6AD629C1EB72000EFEEF /* RMApiApp */,
				DECF6AD529C1EB72000EFEEF /* Products */,
			);
			sourceTree = "<group>";
		};
		DECF6AD529C1EB72000EFEEF /* Products */ = {
			isa = PBXGroup;
			children = (
				DECF6AD429C1EB72000EFEEF /* RMApiApp.app */,
			);
			name = Products;
			sourceTree = "<group>";
		};
		DECF6AD629C1EB72000EFEEF /* RMApiApp */ = {
			isa = PBXGroup;
			children = (
				DECF6AED29C1ECB9000EFEEF /* Resources */,
				DECF6AF129C1ECF5000EFEEF /* Managers */,
				DECF6AF029C1ECE8000EFEEF /* ViewModels */,
				DECF6AEB29C1ECA6000EFEEF /* ApiClient */,
				DECF6AEC29C1ECB0000EFEEF /* Views */,
				DECF6AEE29C1ECD5000EFEEF /* Models */,
				DECF6AEF29C1ECDC000EFEEF /* Controllers */,
				DECF6AE529C1EB73000EFEEF /* Info.plist */,
			);
			path = RMApiApp;
			sourceTree = "<group>";
		};
		DECF6AEB29C1ECA6000EFEEF /* ApiClient */ = {
			isa = PBXGroup;
			children = (
				DECC2C7F29C2DFBA0075C3D5 /* RMService.swift */,
				DECC2C8129C2DFC60075C3D5 /* RMRequest.swift */,
				DE2C4A3429C2E1FA00B35543 /* RMEndpoint.swift */,
			);
			path = ApiClient;
			sourceTree = "<group>";
		};
		DECF6AEC29C1ECB0000EFEEF /* Views */ = {
			isa = PBXGroup;
			children = (
				DE5519A629CC3FE600160622 /* RMCharacterListView.swift */,
				DE8BC57729CD850600DF3297 /* RMCharacterCollectionViewCell.swift */,
				DEFD9AD329D1BD4500B51554 /* RMDetailCharacterView.swift */,
			);
			path = Views;
			sourceTree = "<group>";
		};
		DECF6AED29C1ECB9000EFEEF /* Resources */ = {
			isa = PBXGroup;
			children = (
				DECF6AE029C1EB73000EFEEF /* Assets.xcassets */,
				DECF6AE229C1EB73000EFEEF /* LaunchScreen.storyboard */,
				DECF6AD729C1EB72000EFEEF /* AppDelegate.swift */,
				DECF6AD929C1EB72000EFEEF /* SceneDelegate.swift */,
				DE5519A829CC473900160622 /* Extension.swift */,
			);
			path = Resources;
			sourceTree = "<group>";
		};
		DECF6AEE29C1ECD5000EFEEF /* Models */ = {
			isa = PBXGroup;
			children = (
				DE72AA2929CC0C1B00D155E5 /* APIResponseType */,
				DE72AA2729CC0BF000D155E5 /* DataTypes */,
			);
			path = Models;
			sourceTree = "<group>";
		};
		DECF6AEF29C1ECDC000EFEEF /* Controllers */ = {
			isa = PBXGroup;
			children = (
				DEB0310229C1F49000A6EAD5 /* Others */,
				DE1D792229C1F3A700B7870F /* Core */,
			);
			path = Controllers;
			sourceTree = "<group>";
		};
		DECF6AF029C1ECE8000EFEEF /* ViewModels */ = {
			isa = PBXGroup;
			children = (
				DE5519A429CC3F1E00160622 /* RMCharacterListViewModel.swift */,
				DE8BC57929CD868400DF3297 /* RMCharacterCollectionViewCellModel.swift */,
				DEFD9AD529D1BDDC00B51554 /* RMDetailCharacterViewModel.swift */,
			);
			path = ViewModels;
			sourceTree = "<group>";
		};
		DECF6AF129C1ECF5000EFEEF /* Managers */ = {
			isa = PBXGroup;
			children = (
			);
			path = Managers;
			sourceTree = "<group>";
		};
/* End PBXGroup section */

/* Begin PBXNativeTarget section */
		DECF6AD329C1EB72000EFEEF /* RMApiApp */ = {
			isa = PBXNativeTarget;
			buildConfigurationList = DECF6AE829C1EB73000EFEEF /* Build configuration list for PBXNativeTarget "RMApiApp" */;
			buildPhases = (
				DECF6AD029C1EB72000EFEEF /* Sources */,
				DECF6AD129C1EB72000EFEEF /* Frameworks */,
				DECF6AD229C1EB72000EFEEF /* Resources */,
			);
			buildRules = (
			);
			dependencies = (
			);
			name = RMApiApp;
			productName = RMApiApp;
			productReference = DECF6AD429C1EB72000EFEEF /* RMApiApp.app */;
			productType = "com.apple.product-type.application";
		};
/* End PBXNativeTarget section */

/* Begin PBXProject section */
		DECF6ACC29C1EB72000EFEEF /* Project object */ = {
			isa = PBXProject;
			attributes = {
				BuildIndependentTargetsInParallel = 1;
				LastSwiftUpdateCheck = 1420;
				LastUpgradeCheck = 1420;
				TargetAttributes = {
					DECF6AD329C1EB72000EFEEF = {
						CreatedOnToolsVersion = 14.2;
					};
				};
			};
			buildConfigurationList = DECF6ACF29C1EB72000EFEEF /* Build configuration list for PBXProject "RMApiApp" */;
			compatibilityVersion = "Xcode 14.0";
			developmentRegion = en;
			hasScannedForEncodings = 0;
			knownRegions = (
				en,
				Base,
			);
			mainGroup = DECF6ACB29C1EB72000EFEEF;
			productRefGroup = DECF6AD529C1EB72000EFEEF /* Products */;
			projectDirPath = "";
			projectRoot = "";
			targets = (
				DECF6AD329C1EB72000EFEEF /* RMApiApp */,
			);
		};
/* End PBXProject section */

/* Begin PBXResourcesBuildPhase section */
		DECF6AD229C1EB72000EFEEF /* Resources */ = {
			isa = PBXResourcesBuildPhase;
			buildActionMask = 2147483647;
			files = (
				DECF6AE429C1EB73000EFEEF /* LaunchScreen.storyboard in Resources */,
				DECF6AE129C1EB73000EFEEF /* Assets.xcassets in Resources */,
			);
			runOnlyForDeploymentPostprocessing = 0;
		};
/* End PBXResourcesBuildPhase section */

/* Begin PBXSourcesBuildPhase section */
		DECF6AD029C1EB72000EFEEF /* Sources */ = {
			isa = PBXSourcesBuildPhase;
			buildActionMask = 2147483647;
			files = (
				DE72AA2B29CC0C4800D155E5 /* RMGetALLCharacterResponse.swift in Sources */,
				DE6E75F729C4286F002B7186 /* RMOrigin.swift in Sources */,
				DE5519A729CC3FE600160622 /* RMCharacterListView.swift in Sources */,
				DE6E75F929C428D4002B7186 /* RMSingleLocation.swift in Sources */,
				DEB0310529C1F4A500A6EAD5 /* RMTabBarController.swift in Sources */,
				DE1D792A29C1F3F900B7870F /* RMLocationViewController.swift in Sources */,
				DECF6AD829C1EB72000EFEEF /* AppDelegate.swift in Sources */,
				DE1D792C29C1F41500B7870F /* RMCharacter.swift in Sources */,
				DEFD9AD429D1BD4500B51554 /* RMDetailCharacterView.swift in Sources */,
				DEB0310029C1F44800A6EAD5 /* RMEpisode.swift in Sources */,
				DE8BC57829CD850600DF3297 /* RMCharacterCollectionViewCell.swift in Sources */,
				DE5519A929CC473900160622 /* Extension.swift in Sources */,
				DEB030FE29C1F43A00A6EAD5 /* RMLocation.swift in Sources */,
				DE1D792829C1F3ED00B7870F /* RMSettingsViewController.swift in Sources */,
				DECC2C8029C2DFBA0075C3D5 /* RMService.swift in Sources */,
				DE6E75FD29C429BE002B7186 /* RMGender.swift in Sources */,
				DE1D792429C1F3C400B7870F /* RMCharacterViewController.swift in Sources */,
				DE2C4A3529C2E1FA00B35543 /* RMEndpoint.swift in Sources */,
				DEFD9AD629D1BDDC00B51554 /* RMDetailCharacterViewModel.swift in Sources */,
				DE6E75FB29C4294E002B7186 /* RMStatus.swift in Sources */,
				DECF6ADA29C1EB72000EFEEF /* SceneDelegate.swift in Sources */,
				DECC2C8229C2DFC60075C3D5 /* RMRequest.swift in Sources */,
				DE8BC57A29CD868400DF3297 /* RMCharacterCollectionViewCellModel.swift in Sources */,
				DE1D792629C1F3DB00B7870F /* RMEpisodeViewController.swift in Sources */,
				DEFD9AD229D1BC1100B51554 /* RMDetailCharacterViewController.swift in Sources */,
				DE5519A529CC3F1E00160622 /* RMCharacterListViewModel.swift in Sources */,
			);
			runOnlyForDeploymentPostprocessing = 0;
		};
/* End PBXSourcesBuildPhase section */

/* Begin PBXVariantGroup section */
		DECF6AE229C1EB73000EFEEF /* LaunchScreen.storyboard */ = {
			isa = PBXVariantGroup;
			children = (
				DECF6AE329C1EB73000EFEEF /* Base */,
			);
			name = LaunchScreen.storyboard;
			sourceTree = "<group>";
		};
/* End PBXVariantGroup section */

/* Begin XCBuildConfiguration section */
		DECF6AE629C1EB73000EFEEF /* Debug */ = {
			isa = XCBuildConfiguration;
			buildSettings = {
				ALWAYS_SEARCH_USER_PATHS = NO;
				CLANG_ANALYZER_NONNULL = YES;
				CLANG_ANALYZER_NUMBER_OBJECT_CONVERSION = YES_AGGRESSIVE;
				CLANG_CXX_LANGUAGE_STANDARD = "gnu++20";
				CLANG_ENABLE_MODULES = YES;
				CLANG_ENABLE_OBJC_ARC = YES;
				CLANG_ENABLE_OBJC_WEAK = YES;
				CLANG_WARN_BLOCK_CAPTURE_AUTORELEASING = YES;
				CLANG_WARN_BOOL_CONVERSION = YES;
				CLANG_WARN_COMMA = YES;
				CLANG_WARN_CONSTANT_CONVERSION = YES;
				CLANG_WARN_DEPRECATED_OBJC_IMPLEMENTATIONS = YES;
				CLANG_WARN_DIRECT_OBJC_ISA_USAGE = YES_ERROR;
				CLANG_WARN_DOCUMENTATION_COMMENTS = YES;
				CLANG_WARN_EMPTY_BODY = YES;
				CLANG_WARN_ENUM_CONVERSION = YES;
				CLANG_WARN_INFINITE_RECURSION = YES;
				CLANG_WARN_INT_CONVERSION = YES;
				CLANG_WARN_NON_LITERAL_NULL_CONVERSION = YES;
				CLANG_WARN_OBJC_IMPLICIT_RETAIN_SELF = YES;
				CLANG_WARN_OBJC_LITERAL_CONVERSION = YES;
				CLANG_WARN_OBJC_ROOT_CLASS = YES_ERROR;
				CLANG_WARN_QUOTED_INCLUDE_IN_FRAMEWORK_HEADER = YES;
				CLANG_WARN_RANGE_LOOP_ANALYSIS = YES;
				CLANG_WARN_STRICT_PROTOTYPES = YES;
				CLANG_WARN_SUSPICIOUS_MOVE = YES;
				CLANG_WARN_UNGUARDED_AVAILABILITY = YES_AGGRESSIVE;
				CLANG_WARN_UNREACHABLE_CODE = YES;
				CLANG_WARN__DUPLICATE_METHOD_MATCH = YES;
				COPY_PHASE_STRIP = NO;
				DEBUG_INFORMATION_FORMAT = dwarf;
				ENABLE_STRICT_OBJC_MSGSEND = YES;
				ENABLE_TESTABILITY = YES;
				GCC_C_LANGUAGE_STANDARD = gnu11;
				GCC_DYNAMIC_NO_PIC = NO;
				GCC_NO_COMMON_BLOCKS = YES;
				GCC_OPTIMIZATION_LEVEL = 0;
				GCC_PREPROCESSOR_DEFINITIONS = (
					"DEBUG=1",
					"$(inherited)",
				);
				GCC_WARN_64_TO_32_BIT_CONVERSION = YES;
				GCC_WARN_ABOUT_RETURN_TYPE = YES_ERROR;
				GCC_WARN_UNDECLARED_SELECTOR = YES;
				GCC_WARN_UNINITIALIZED_AUTOS = YES_AGGRESSIVE;
				GCC_WARN_UNUSED_FUNCTION = YES;
				GCC_WARN_UNUSED_VARIABLE = YES;
				IPHONEOS_DEPLOYMENT_TARGET = 16.2;
				MTL_ENABLE_DEBUG_INFO = INCLUDE_SOURCE;
				MTL_FAST_MATH = YES;
				ONLY_ACTIVE_ARCH = YES;
				SDKROOT = iphoneos;
				SWIFT_ACTIVE_COMPILATION_CONDITIONS = DEBUG;
				SWIFT_OPTIMIZATION_LEVEL = "-Onone";
			};
			name = Debug;
		};
		DECF6AE729C1EB73000EFEEF /* Release */ = {
			isa = XCBuildConfiguration;
			buildSettings = {
				ALWAYS_SEARCH_USER_PATHS = NO;
				CLANG_ANALYZER_NONNULL = YES;
				CLANG_ANALYZER_NUMBER_OBJECT_CONVERSION = YES_AGGRESSIVE;
				CLANG_CXX_LANGUAGE_STANDARD = "gnu++20";
				CLANG_ENABLE_MODULES = YES;
				CLANG_ENABLE_OBJC_ARC = YES;
				CLANG_ENABLE_OBJC_WEAK = YES;
				CLANG_WARN_BLOCK_CAPTURE_AUTORELEASING = YES;
				CLANG_WARN_BOOL_CONVERSION = YES;
				CLANG_WARN_COMMA = YES;
				CLANG_WARN_CONSTANT_CONVERSION = YES;
				CLANG_WARN_DEPRECATED_OBJC_IMPLEMENTATIONS = YES;
				CLANG_WARN_DIRECT_OBJC_ISA_USAGE = YES_ERROR;
				CLANG_WARN_DOCUMENTATION_COMMENTS = YES;
				CLANG_WARN_EMPTY_BODY = YES;
				CLANG_WARN_ENUM_CONVERSION = YES;
				CLANG_WARN_INFINITE_RECURSION = YES;
				CLANG_WARN_INT_CONVERSION = YES;
				CLANG_WARN_NON_LITERAL_NULL_CONVERSION = YES;
				CLANG_WARN_OBJC_IMPLICIT_RETAIN_SELF = YES;
				CLANG_WARN_OBJC_LITERAL_CONVERSION = YES;
				CLANG_WARN_OBJC_ROOT_CLASS = YES_ERROR;
				CLANG_WARN_QUOTED_INCLUDE_IN_FRAMEWORK_HEADER = YES;
				CLANG_WARN_RANGE_LOOP_ANALYSIS = YES;
				CLANG_WARN_STRICT_PROTOTYPES = YES;
				CLANG_WARN_SUSPICIOUS_MOVE = YES;
				CLANG_WARN_UNGUARDED_AVAILABILITY = YES_AGGRESSIVE;
				CLANG_WARN_UNREACHABLE_CODE = YES;
				CLANG_WARN__DUPLICATE_METHOD_MATCH = YES;
				COPY_PHASE_STRIP = NO;
				DEBUG_INFORMATION_FORMAT = "dwarf-with-dsym";
				ENABLE_NS_ASSERTIONS = NO;
				ENABLE_STRICT_OBJC_MSGSEND = YES;
				GCC_C_LANGUAGE_STANDARD = gnu11;
				GCC_NO_COMMON_BLOCKS = YES;
				GCC_WARN_64_TO_32_BIT_CONVERSION = YES;
				GCC_WARN_ABOUT_RETURN_TYPE = YES_ERROR;
				GCC_WARN_UNDECLARED_SELECTOR = YES;
				GCC_WARN_UNINITIALIZED_AUTOS = YES_AGGRESSIVE;
				GCC_WARN_UNUSED_FUNCTION = YES;
				GCC_WARN_UNUSED_VARIABLE = YES;
				IPHONEOS_DEPLOYMENT_TARGET = 16.2;
				MTL_ENABLE_DEBUG_INFO = NO;
				MTL_FAST_MATH = YES;
				SDKROOT = iphoneos;
				SWIFT_COMPILATION_MODE = wholemodule;
				SWIFT_OPTIMIZATION_LEVEL = "-O";
				VALIDATE_PRODUCT = YES;
			};
			name = Release;
		};
		DECF6AE929C1EB73000EFEEF /* Debug */ = {
			isa = XCBuildConfiguration;
			buildSettings = {
				ASSETCATALOG_COMPILER_APPICON_NAME = AppIcon;
				ASSETCATALOG_COMPILER_GLOBAL_ACCENT_COLOR_NAME = AccentColor;
				CODE_SIGN_STYLE = Automatic;
				CURRENT_PROJECT_VERSION = 1;
				GENERATE_INFOPLIST_FILE = YES;
				INFOPLIST_FILE = RMApiApp/Info.plist;
				INFOPLIST_KEY_UIApplicationSupportsIndirectInputEvents = YES;
				INFOPLIST_KEY_UILaunchStoryboardName = LaunchScreen;
				INFOPLIST_KEY_UISupportedInterfaceOrientations_iPad = "UIInterfaceOrientationPortrait UIInterfaceOrientationPortraitUpsideDown UIInterfaceOrientationLandscapeLeft UIInterfaceOrientationLandscapeRight";
				INFOPLIST_KEY_UISupportedInterfaceOrientations_iPhone = "UIInterfaceOrientationPortrait UIInterfaceOrientationLandscapeLeft UIInterfaceOrientationLandscapeRight";
				LD_RUNPATH_SEARCH_PATHS = (
					"$(inherited)",
					"@executable_path/Frameworks",
				);
				MARKETING_VERSION = 1.0;
				PRODUCT_BUNDLE_IDENTIFIER = com.Namghjk.RMApiApp;
				PRODUCT_NAME = "$(TARGET_NAME)";
				SWIFT_EMIT_LOC_STRINGS = YES;
				SWIFT_VERSION = 5.0;
				TARGETED_DEVICE_FAMILY = "1,2";
			};
			name = Debug;
		};
		DECF6AEA29C1EB73000EFEEF /* Release */ = {
			isa = XCBuildConfiguration;
			buildSettings = {
				ASSETCATALOG_COMPILER_APPICON_NAME = AppIcon;
				ASSETCATALOG_COMPILER_GLOBAL_ACCENT_COLOR_NAME = AccentColor;
				CODE_SIGN_STYLE = Automatic;
				CURRENT_PROJECT_VERSION = 1;
				GENERATE_INFOPLIST_FILE = YES;
				INFOPLIST_FILE = RMApiApp/Info.plist;
				INFOPLIST_KEY_UIApplicationSupportsIndirectInputEvents = YES;
				INFOPLIST_KEY_UILaunchStoryboardName = LaunchScreen;
				INFOPLIST_KEY_UISupportedInterfaceOrientations_iPad = "UIInterfaceOrientationPortrait UIInterfaceOrientationPortraitUpsideDown UIInterfaceOrientationLandscapeLeft UIInterfaceOrientationLandscapeRight";
				INFOPLIST_KEY_UISupportedInterfaceOrientations_iPhone = "UIInterfaceOrientationPortrait UIInterfaceOrientationLandscapeLeft UIInterfaceOrientationLandscapeRight";
				LD_RUNPATH_SEARCH_PATHS = (
					"$(inherited)",
					"@executable_path/Frameworks",
				);
				MARKETING_VERSION = 1.0;
				PRODUCT_BUNDLE_IDENTIFIER = com.Namghjk.RMApiApp;
				PRODUCT_NAME = "$(TARGET_NAME)";
				SWIFT_EMIT_LOC_STRINGS = YES;
				SWIFT_VERSION = 5.0;
				TARGETED_DEVICE_FAMILY = "1,2";
			};
			name = Release;
		};
/* End XCBuildConfiguration section */

/* Begin XCConfigurationList section */
		DECF6ACF29C1EB72000EFEEF /* Build configuration list for PBXProject "RMApiApp" */ = {
			isa = XCConfigurationList;
			buildConfigurations = (
				DECF6AE629C1EB73000EFEEF /* Debug */,
				DECF6AE729C1EB73000EFEEF /* Release */,
			);
			defaultConfigurationIsVisible = 0;
			defaultConfigurationName = Release;
		};
		DECF6AE829C1EB73000EFEEF /* Build configuration list for PBXNativeTarget "RMApiApp" */ = {
			isa = XCConfigurationList;
			buildConfigurations = (
				DECF6AE929C1EB73000EFEEF /* Debug */,
				DECF6AEA29C1EB73000EFEEF /* Release */,
			);
			defaultConfigurationIsVisible = 0;
			defaultConfigurationName = Release;
		};
/* End XCConfigurationList section */
	};
	rootObject = DECF6ACC29C1EB72000EFEEF /* Project object */;
}
